
Microsoft Visual Studio Solution File, Format Version 12.00
# Visual Studio Version 17
VisualStudioVersion = 17.7.34024.191
MinimumVisualStudioVersion = 10.0.40219.1
Project("{FAE04EC0-301F-11D3-BF4B-00C04F79EFBC}") = "Pierwszy projekt", "Pierwszy projekt\Pierwszy projekt.csproj", "{27D92294-2B71-45D7-BD18-3D738D59A583}"
EndProject
Project("{FAE04EC0-301F-11D3-BF4B-00C04F79EFBC}") = "DaneOsobowe", "DaneOsobowe\DaneOsobowe.csproj", "{9A9728E6-979E-4EB7-9AEF-787DD63709CD}"
EndProject
Project("{FAE04EC0-301F-11D3-BF4B-00C04F79EFBC}") = "Konstruktory", "Konstruktory\Konstruktory.csproj", "{CC9FCF0F-95E2-4FD5-9F13-9B621747BE26}"
EndProject
Project("{FAE04EC0-301F-11D3-BF4B-00C04F79EFBC}") = "Dziedziczenie", "Dziedziczenie\Dziedziczenie.csproj", "{D7257889-E2F9-4369-BE11-A85A58F47986}"
EndProject
Project("{FAE04EC0-301F-11D3-BF4B-00C04F79EFBC}") = "Ulamki", "Ulamki\Ulamki.csproj", "{017F0E28-C24B-4375-8AE3-EA54F386EDA9}"
EndProject
Project("{9A19103F-16F7-4668-BE54-9A1E7A4F7556}") = "Obsługa błedów", "Obsługa błedów\Obsługa błedów.csproj", "{14CF34E2-3C9E-4791-8B42-9FDACEC8C6A2}"
EndProject
Project("{9A19103F-16F7-4668-BE54-9A1E7A4F7556}") = "Przetwarzanie numeru pesel", "Przetwarzanie numeru pesel\Przetwarzanie numeru pesel.csproj", "{135C900B-2E90-446C-A071-C0501BCC32EE}"
EndProject
Project("{9A19103F-16F7-4668-BE54-9A1E7A4F7556}") = "Delegaty", "Delegaty\Delegaty.csproj", "{A72B4EBC-8C68-43B3-A0AE-ECE35894AC6A}"
EndProject
Project("{9A19103F-16F7-4668-BE54-9A1E7A4F7556}") = "Kolekcje", "Kolekcje\Kolekcje.csproj", "{3D27A825-7D6C-4895-98DC-6038EE000C2C}"
EndProject
Project("{2150E333-8FDC-42A3-9474-1A3956D46DE8}") = "Console", "Console", "{40DEC354-7FEF-490A-ACBA-BF9460D9C33A}"
EndProject
Project("{2150E333-8FDC-42A3-9474-1A3956D46DE8}") = "WinForms", "WinForms", "{6DBC0CAA-343D-4DB3-BD74-1D3C7E1FDEBB}"
EndProject
Project("{9A19103F-16F7-4668-BE54-9A1E7A4F7556}") = "FirstWinFormsApp", "FirstWinFormsApp\FirstWinFormsApp.csproj", "{B2028CEA-11DC-4449-963E-E7B47D203502}"
EndProject
Project("{9A19103F-16F7-4668-BE54-9A1E7A4F7556}") = "SimpleCalculatorApp", "SimpleCalculatorApp\SimpleCalculatorApp.csproj", "{C6199F48-0EF9-45CF-AF68-E85625865583}"
EndProject
Project("{9A19103F-16F7-4668-BE54-9A1E7A4F7556}") = "TicTacToeWinFormApp", "TicTacToeWinFormApp\TicTacToeWinFormApp.csproj", "{0831C7C4-BC7B-489F-8E3A-F4B996F60CE8}"
EndProject
Project("{9A19103F-16F7-4668-BE54-9A1E7A4F7556}") = "TestApp", "TestApp\TestApp.csproj", "{2AC2B64E-2060-4473-BEE4-404FFDDDF87B}"
EndProject
Project("{9A19103F-16F7-4668-BE54-9A1E7A4F7556}") = "ClockWinFormsApp", "ClockWinFormsApp\ClockWinFormsApp.csproj", "{25F7B507-CEA5-42B9-BCD9-599C98638D47}"
EndProject
Project("{2150E333-8FDC-42A3-9474-1A3956D46DE8}") = "WPF", "WPF", "{C7C3CC88-44D0-4B73-AE68-F2ACAFA0AB17}"
EndProject
Project("{9A19103F-16F7-4668-BE54-9A1E7A4F7556}") = "FirstWpfApp", "FirstWpfApp\FirstWpfApp.csproj", "{4C7FA7F3-9369-4465-97AD-67ED9AA10FC5}"
EndProject
Project("{2150E333-8FDC-42A3-9474-1A3956D46DE8}") = "01 Pierwsza Aplikacja", "01 Pierwsza Aplikacja", "{D614D66D-462A-4818-A860-2A9D422627EF}"
EndProject
Project("{2150E333-8FDC-42A3-9474-1A3956D46DE8}") = "02 Kontenery", "02 Kontenery", "{34E1D40A-77B9-4FD8-8989-15F01F870BA0}"
EndProject
Project("{9A19103F-16F7-4668-BE54-9A1E7A4F7556}") = "ContainersApp", "ContainersApp\ContainersApp.csproj", "{B0A80D2D-8052-49F4-9CBA-9217982D3100}"
EndProject
Project("{2150E333-8FDC-42A3-9474-1A3956D46DE8}") = "03 Bindowanie", "03 Bindowanie", "{2185E9A0-5E23-4A2B-8549-3893E16760C2}"
EndProject
Project("{9A19103F-16F7-4668-BE54-9A1E7A4F7556}") = "BindowanieWpfApp", "BindowanieWpfApp\BindowanieWpfApp.csproj", "{2C52A17A-9D60-46A1-A287-520C60896C2C}"
EndProject
Project("{9A19103F-16F7-4668-BE54-9A1E7A4F7556}") = "ComboBoxWpfApp", "ComboBoxWpfApp\ComboBoxWpfApp.csproj", "{92F2A4DB-1F53-4183-9882-19654691FEDD}"
EndProject
Project("{2150E333-8FDC-42A3-9474-1A3956D46DE8}") = "00 Zadania", "00 Zadania", "{95EC4485-136B-41E6-9712-104BD01FCAE8}"
EndProject
Project("{9A19103F-16F7-4668-BE54-9A1E7A4F7556}") = "FirstAppWPF", "FirstAppWPF\FirstAppWPF.csproj", "{4FEF1FEA-3593-47EF-A499-A703F820B255}"
EndProject
Project("{9A19103F-16F7-4668-BE54-9A1E7A4F7556}") = "BMICalculatorTaskWpfApp", "BMICalculatorTaskWpfApp\BMICalculatorTaskWpfApp.csproj", "{E84B93A6-83D5-460C-8F04-F06275D53A07}"
EndProject
Project("{2150E333-8FDC-42A3-9474-1A3956D46DE8}") = "04 Konwertery", "04 Konwertery", "{24E08A35-CE25-4847-9ED7-5A8DCA636AB3}"
EndProject
Project("{9A19103F-16F7-4668-BE54-9A1E7A4F7556}") = "ConvertersWpfApp", "ConvertersWpfApp\ConvertersWpfApp.csproj", "{0FBE4626-A7F1-44BF-938E-F3AD87CAA679}"
EndProject
Project("{2150E333-8FDC-42A3-9474-1A3956D46DE8}") = "05 Wzorzec projektowy MVVM", "05 Wzorzec projektowy MVVM", "{5CB0599E-DFF0-41F4-A175-4366EE4F937C}"
EndProject
Project("{9A19103F-16F7-4668-BE54-9A1E7A4F7556}") = "SimpleCalculatorMVVMWpfApp", "SimpleCalculatorNVVMWpfApp\SimpleCalculatorMVVMWpfApp.csproj", "{3B7DB744-F8EF-4468-8649-60A5904AB290}"
EndProject
Project("{9A19103F-16F7-4668-BE54-9A1E7A4F7556}") = "UtilsWpf", "UtilsWpf\UtilsWpf.csproj", "{33BB3B0E-3DBE-4CAA-8012-788DCEE002EC}"
EndProject
Project("{9A19103F-16F7-4668-BE54-9A1E7A4F7556}") = "PersonalQuestionnaireWpfApp", "PersonalQuestionnaireWpfApp\PersonalQuestionnaireWpfApp.csproj", "{32B38CB3-1E87-4203-A97F-CBE0D90F8D5F}"
EndProject
Project("{9A19103F-16F7-4668-BE54-9A1E7A4F7556}") = "ListCreatorWpfApp", "ListCreatorWpfApp\ListCreatorWpfApp.csproj", "{F0535D76-F7CF-4843-9373-B96C271FDB2F}"
EndProject
Project("{9A19103F-16F7-4668-BE54-9A1E7A4F7556}") = "TicTacToeWpfApp", "TicTacToeWpfApp\TicTacToeWpfApp.csproj", "{A6B7FF8A-BE56-4435-AE80-1D9D9B0E3B16}"
EndProject
Project("{2150E333-8FDC-42A3-9474-1A3956D46DE8}") = "Egzamin", "Egzamin", "{425F9580-FDE9-4BF3-B5BB-E060A93D6D23}"
EndProject
Project("{9A19103F-16F7-4668-BE54-9A1E7A4F7556}") = "Inf04_01WpfApp", "Inf04_01WpfApp\Inf04_01WpfApp.csproj", "{C11A7E06-B6EA-4FBE-A6C0-BA837A4F42D4}"
EndProject
Project("{2150E333-8FDC-42A3-9474-1A3956D46DE8}") = "Xamarin", "Xamarin", "{C05F40F8-82C4-4267-9993-E86385A794B0}"
EndProject
Project("{2150E333-8FDC-42A3-9474-1A3956D46DE8}") = "01. FirstMobileApp", "01. FirstMobileApp", "{29FFB849-DB62-4ECB-8F58-912237D79C0A}"
EndProject
Project("{FAE04EC0-301F-11D3-BF4B-00C04F79EFBC}") = "FirstApp.Android", "FirstApp\FirstApp.Android\FirstApp.Android.csproj", "{A18BDA86-D5AC-44B7-90E7-F2F3347F0126}"
EndProject
Project("{FAE04EC0-301F-11D3-BF4B-00C04F79EFBC}") = "FirstApp.iOS", "FirstApp\FirstApp.iOS\FirstApp.iOS.csproj", "{0B53949A-4592-4765-8CD2-13EBBB30B37F}"
EndProject
Project("{9A19103F-16F7-4668-BE54-9A1E7A4F7556}") = "FirstApp", "FirstApp\FirstApp\FirstApp.csproj", "{6041D910-07AE-42E6-AA1E-A3C351AD66B5}"
EndProject
Project("{2150E333-8FDC-42A3-9474-1A3956D46DE8}") = "02. Nawigacja", "02. Nawigacja", "{F2D6AE96-D0DD-4D74-A242-3F027AF06380}"
EndProject
Project("{FAE04EC0-301F-11D3-BF4B-00C04F79EFBC}") = "NavigationApp.Android", "NavigationApp\NavigationApp.Android\NavigationApp.Android.csproj", "{A9089AF1-8040-4C2D-861A-1FDB992D6A34}"
EndProject
Project("{FAE04EC0-301F-11D3-BF4B-00C04F79EFBC}") = "NavigationApp.iOS", "NavigationApp\NavigationApp.iOS\NavigationApp.iOS.csproj", "{70857B84-838A-445C-A633-0C3048ACD604}"
EndProject
Project("{9A19103F-16F7-4668-BE54-9A1E7A4F7556}") = "NavigationApp", "NavigationApp\NavigationApp\NavigationApp.csproj", "{D39FF326-02A0-48CA-AC20-AC8AAA08FD13}"
EndProject
Project("{2150E333-8FDC-42A3-9474-1A3956D46DE8}") = "00. Zadania", "00. Zadania", "{56E0B47D-639E-4115-86EE-3C107CB2AF73}"
EndProject
Project("{2150E333-8FDC-42A3-9474-1A3956D46DE8}") = "LoginApp", "LoginApp", "{664CA521-1245-4106-ACF5-3B5A63441192}"
EndProject
Project("{FAE04EC0-301F-11D3-BF4B-00C04F79EFBC}") = "LoginListApp.Android", "LoginListApp\LoginListApp.Android\LoginListApp.Android.csproj", "{5806D13E-4088-4568-8D15-A78716D44AB5}"
EndProject
Project("{FAE04EC0-301F-11D3-BF4B-00C04F79EFBC}") = "LoginListApp.iOS", "LoginListApp\LoginListApp.iOS\LoginListApp.iOS.csproj", "{07DE123D-0B71-40EE-8794-A9A68EBC56E0}"
EndProject
Project("{FAE04EC0-301F-11D3-BF4B-00C04F79EFBC}") = "LoginListApp", "LoginListApp\LoginListApp\LoginListApp.csproj", "{6A7A5D0C-D166-4467-BDDD-20C820571866}"
EndProject
Global
	GlobalSection(SolutionConfigurationPlatforms) = preSolution
		Debug|Any CPU = Debug|Any CPU
		Debug|iPhone = Debug|iPhone
		Debug|iPhoneSimulator = Debug|iPhoneSimulator
		Release|Any CPU = Release|Any CPU
		Release|iPhone = Release|iPhone
		Release|iPhoneSimulator = Release|iPhoneSimulator
	EndGlobalSection
	GlobalSection(ProjectConfigurationPlatforms) = postSolution
		{27D92294-2B71-45D7-BD18-3D738D59A583}.Debug|Any CPU.ActiveCfg = Debug|Any CPU
		{27D92294-2B71-45D7-BD18-3D738D59A583}.Debug|Any CPU.Build.0 = Debug|Any CPU
		{27D92294-2B71-45D7-BD18-3D738D59A583}.Debug|iPhone.ActiveCfg = Debug|Any CPU
		{27D92294-2B71-45D7-BD18-3D738D59A583}.Debug|iPhone.Build.0 = Debug|Any CPU
		{27D92294-2B71-45D7-BD18-3D738D59A583}.Debug|iPhoneSimulator.ActiveCfg = Debug|Any CPU
		{27D92294-2B71-45D7-BD18-3D738D59A583}.Debug|iPhoneSimulator.Build.0 = Debug|Any CPU
		{27D92294-2B71-45D7-BD18-3D738D59A583}.Release|Any CPU.ActiveCfg = Release|Any CPU
		{27D92294-2B71-45D7-BD18-3D738D59A583}.Release|Any CPU.Build.0 = Release|Any CPU
		{27D92294-2B71-45D7-BD18-3D738D59A583}.Release|iPhone.ActiveCfg = Release|Any CPU
		{27D92294-2B71-45D7-BD18-3D738D59A583}.Release|iPhone.Build.0 = Release|Any CPU
		{27D92294-2B71-45D7-BD18-3D738D59A583}.Release|iPhoneSimulator.ActiveCfg = Release|Any CPU
		{27D92294-2B71-45D7-BD18-3D738D59A583}.Release|iPhoneSimulator.Build.0 = Release|Any CPU
		{9A9728E6-979E-4EB7-9AEF-787DD63709CD}.Debug|Any CPU.ActiveCfg = Debug|Any CPU
		{9A9728E6-979E-4EB7-9AEF-787DD63709CD}.Debug|Any CPU.Build.0 = Debug|Any CPU
		{9A9728E6-979E-4EB7-9AEF-787DD63709CD}.Debug|iPhone.ActiveCfg = Debug|Any CPU
		{9A9728E6-979E-4EB7-9AEF-787DD63709CD}.Debug|iPhone.Build.0 = Debug|Any CPU
		{9A9728E6-979E-4EB7-9AEF-787DD63709CD}.Debug|iPhoneSimulator.ActiveCfg = Debug|Any CPU
		{9A9728E6-979E-4EB7-9AEF-787DD63709CD}.Debug|iPhoneSimulator.Build.0 = Debug|Any CPU
		{9A9728E6-979E-4EB7-9AEF-787DD63709CD}.Release|Any CPU.ActiveCfg = Release|Any CPU
		{9A9728E6-979E-4EB7-9AEF-787DD63709CD}.Release|Any CPU.Build.0 = Release|Any CPU
		{9A9728E6-979E-4EB7-9AEF-787DD63709CD}.Release|iPhone.ActiveCfg = Release|Any CPU
		{9A9728E6-979E-4EB7-9AEF-787DD63709CD}.Release|iPhone.Build.0 = Release|Any CPU
		{9A9728E6-979E-4EB7-9AEF-787DD63709CD}.Release|iPhoneSimulator.ActiveCfg = Release|Any CPU
		{9A9728E6-979E-4EB7-9AEF-787DD63709CD}.Release|iPhoneSimulator.Build.0 = Release|Any CPU
		{CC9FCF0F-95E2-4FD5-9F13-9B621747BE26}.Debug|Any CPU.ActiveCfg = Debug|Any CPU
		{CC9FCF0F-95E2-4FD5-9F13-9B621747BE26}.Debug|Any CPU.Build.0 = Debug|Any CPU
		{CC9FCF0F-95E2-4FD5-9F13-9B621747BE26}.Debug|iPhone.ActiveCfg = Debug|Any CPU
		{CC9FCF0F-95E2-4FD5-9F13-9B621747BE26}.Debug|iPhone.Build.0 = Debug|Any CPU
		{CC9FCF0F-95E2-4FD5-9F13-9B621747BE26}.Debug|iPhoneSimulator.ActiveCfg = Debug|Any CPU
		{CC9FCF0F-95E2-4FD5-9F13-9B621747BE26}.Debug|iPhoneSimulator.Build.0 = Debug|Any CPU
		{CC9FCF0F-95E2-4FD5-9F13-9B621747BE26}.Release|Any CPU.ActiveCfg = Release|Any CPU
		{CC9FCF0F-95E2-4FD5-9F13-9B621747BE26}.Release|Any CPU.Build.0 = Release|Any CPU
		{CC9FCF0F-95E2-4FD5-9F13-9B621747BE26}.Release|iPhone.ActiveCfg = Release|Any CPU
		{CC9FCF0F-95E2-4FD5-9F13-9B621747BE26}.Release|iPhone.Build.0 = Release|Any CPU
		{CC9FCF0F-95E2-4FD5-9F13-9B621747BE26}.Release|iPhoneSimulator.ActiveCfg = Release|Any CPU
		{CC9FCF0F-95E2-4FD5-9F13-9B621747BE26}.Release|iPhoneSimulator.Build.0 = Release|Any CPU
		{D7257889-E2F9-4369-BE11-A85A58F47986}.Debug|Any CPU.ActiveCfg = Debug|Any CPU
		{D7257889-E2F9-4369-BE11-A85A58F47986}.Debug|Any CPU.Build.0 = Debug|Any CPU
		{D7257889-E2F9-4369-BE11-A85A58F47986}.Debug|iPhone.ActiveCfg = Debug|Any CPU
		{D7257889-E2F9-4369-BE11-A85A58F47986}.Debug|iPhone.Build.0 = Debug|Any CPU
		{D7257889-E2F9-4369-BE11-A85A58F47986}.Debug|iPhoneSimulator.ActiveCfg = Debug|Any CPU
		{D7257889-E2F9-4369-BE11-A85A58F47986}.Debug|iPhoneSimulator.Build.0 = Debug|Any CPU
		{D7257889-E2F9-4369-BE11-A85A58F47986}.Release|Any CPU.ActiveCfg = Release|Any CPU
		{D7257889-E2F9-4369-BE11-A85A58F47986}.Release|Any CPU.Build.0 = Release|Any CPU
		{D7257889-E2F9-4369-BE11-A85A58F47986}.Release|iPhone.ActiveCfg = Release|Any CPU
		{D7257889-E2F9-4369-BE11-A85A58F47986}.Release|iPhone.Build.0 = Release|Any CPU
		{D7257889-E2F9-4369-BE11-A85A58F47986}.Release|iPhoneSimulator.ActiveCfg = Release|Any CPU
		{D7257889-E2F9-4369-BE11-A85A58F47986}.Release|iPhoneSimulator.Build.0 = Release|Any CPU
		{017F0E28-C24B-4375-8AE3-EA54F386EDA9}.Debug|Any CPU.ActiveCfg = Debug|Any CPU
		{017F0E28-C24B-4375-8AE3-EA54F386EDA9}.Debug|Any CPU.Build.0 = Debug|Any CPU
		{017F0E28-C24B-4375-8AE3-EA54F386EDA9}.Debug|iPhone.ActiveCfg = Debug|Any CPU
		{017F0E28-C24B-4375-8AE3-EA54F386EDA9}.Debug|iPhone.Build.0 = Debug|Any CPU
		{017F0E28-C24B-4375-8AE3-EA54F386EDA9}.Debug|iPhoneSimulator.ActiveCfg = Debug|Any CPU
		{017F0E28-C24B-4375-8AE3-EA54F386EDA9}.Debug|iPhoneSimulator.Build.0 = Debug|Any CPU
		{017F0E28-C24B-4375-8AE3-EA54F386EDA9}.Release|Any CPU.ActiveCfg = Release|Any CPU
		{017F0E28-C24B-4375-8AE3-EA54F386EDA9}.Release|Any CPU.Build.0 = Release|Any CPU
		{017F0E28-C24B-4375-8AE3-EA54F386EDA9}.Release|iPhone.ActiveCfg = Release|Any CPU
		{017F0E28-C24B-4375-8AE3-EA54F386EDA9}.Release|iPhone.Build.0 = Release|Any CPU
		{017F0E28-C24B-4375-8AE3-EA54F386EDA9}.Release|iPhoneSimulator.ActiveCfg = Release|Any CPU
		{017F0E28-C24B-4375-8AE3-EA54F386EDA9}.Release|iPhoneSimulator.Build.0 = Release|Any CPU
		{14CF34E2-3C9E-4791-8B42-9FDACEC8C6A2}.Debug|Any CPU.ActiveCfg = Debug|Any CPU
		{14CF34E2-3C9E-4791-8B42-9FDACEC8C6A2}.Debug|Any CPU.Build.0 = Debug|Any CPU
		{14CF34E2-3C9E-4791-8B42-9FDACEC8C6A2}.Debug|iPhone.ActiveCfg = Debug|Any CPU
		{14CF34E2-3C9E-4791-8B42-9FDACEC8C6A2}.Debug|iPhone.Build.0 = Debug|Any CPU
		{14CF34E2-3C9E-4791-8B42-9FDACEC8C6A2}.Debug|iPhoneSimulator.ActiveCfg = Debug|Any CPU
		{14CF34E2-3C9E-4791-8B42-9FDACEC8C6A2}.Debug|iPhoneSimulator.Build.0 = Debug|Any CPU
		{14CF34E2-3C9E-4791-8B42-9FDACEC8C6A2}.Release|Any CPU.ActiveCfg = Release|Any CPU
		{14CF34E2-3C9E-4791-8B42-9FDACEC8C6A2}.Release|Any CPU.Build.0 = Release|Any CPU
		{14CF34E2-3C9E-4791-8B42-9FDACEC8C6A2}.Release|iPhone.ActiveCfg = Release|Any CPU
		{14CF34E2-3C9E-4791-8B42-9FDACEC8C6A2}.Release|iPhone.Build.0 = Release|Any CPU
		{14CF34E2-3C9E-4791-8B42-9FDACEC8C6A2}.Release|iPhoneSimulator.ActiveCfg = Release|Any CPU
		{14CF34E2-3C9E-4791-8B42-9FDACEC8C6A2}.Release|iPhoneSimulator.Build.0 = Release|Any CPU
		{135C900B-2E90-446C-A071-C0501BCC32EE}.Debug|Any CPU.ActiveCfg = Debug|Any CPU
		{135C900B-2E90-446C-A071-C0501BCC32EE}.Debug|Any CPU.Build.0 = Debug|Any CPU
		{135C900B-2E90-446C-A071-C0501BCC32EE}.Debug|iPhone.ActiveCfg = Debug|Any CPU
		{135C900B-2E90-446C-A071-C0501BCC32EE}.Debug|iPhone.Build.0 = Debug|Any CPU
		{135C900B-2E90-446C-A071-C0501BCC32EE}.Debug|iPhoneSimulator.ActiveCfg = Debug|Any CPU
		{135C900B-2E90-446C-A071-C0501BCC32EE}.Debug|iPhoneSimulator.Build.0 = Debug|Any CPU
		{135C900B-2E90-446C-A071-C0501BCC32EE}.Release|Any CPU.ActiveCfg = Release|Any CPU
		{135C900B-2E90-446C-A071-C0501BCC32EE}.Release|Any CPU.Build.0 = Release|Any CPU
		{135C900B-2E90-446C-A071-C0501BCC32EE}.Release|iPhone.ActiveCfg = Release|Any CPU
		{135C900B-2E90-446C-A071-C0501BCC32EE}.Release|iPhone.Build.0 = Release|Any CPU
		{135C900B-2E90-446C-A071-C0501BCC32EE}.Release|iPhoneSimulator.ActiveCfg = Release|Any CPU
		{135C900B-2E90-446C-A071-C0501BCC32EE}.Release|iPhoneSimulator.Build.0 = Release|Any CPU
		{A72B4EBC-8C68-43B3-A0AE-ECE35894AC6A}.Debug|Any CPU.ActiveCfg = Debug|Any CPU
		{A72B4EBC-8C68-43B3-A0AE-ECE35894AC6A}.Debug|Any CPU.Build.0 = Debug|Any CPU
		{A72B4EBC-8C68-43B3-A0AE-ECE35894AC6A}.Debug|iPhone.ActiveCfg = Debug|Any CPU
		{A72B4EBC-8C68-43B3-A0AE-ECE35894AC6A}.Debug|iPhone.Build.0 = Debug|Any CPU
		{A72B4EBC-8C68-43B3-A0AE-ECE35894AC6A}.Debug|iPhoneSimulator.ActiveCfg = Debug|Any CPU
		{A72B4EBC-8C68-43B3-A0AE-ECE35894AC6A}.Debug|iPhoneSimulator.Build.0 = Debug|Any CPU
		{A72B4EBC-8C68-43B3-A0AE-ECE35894AC6A}.Release|Any CPU.ActiveCfg = Release|Any CPU
		{A72B4EBC-8C68-43B3-A0AE-ECE35894AC6A}.Release|Any CPU.Build.0 = Release|Any CPU
		{A72B4EBC-8C68-43B3-A0AE-ECE35894AC6A}.Release|iPhone.ActiveCfg = Release|Any CPU
		{A72B4EBC-8C68-43B3-A0AE-ECE35894AC6A}.Release|iPhone.Build.0 = Release|Any CPU
		{A72B4EBC-8C68-43B3-A0AE-ECE35894AC6A}.Release|iPhoneSimulator.ActiveCfg = Release|Any CPU
		{A72B4EBC-8C68-43B3-A0AE-ECE35894AC6A}.Release|iPhoneSimulator.Build.0 = Release|Any CPU
		{3D27A825-7D6C-4895-98DC-6038EE000C2C}.Debug|Any CPU.ActiveCfg = Debug|Any CPU
		{3D27A825-7D6C-4895-98DC-6038EE000C2C}.Debug|Any CPU.Build.0 = Debug|Any CPU
		{3D27A825-7D6C-4895-98DC-6038EE000C2C}.Debug|iPhone.ActiveCfg = Debug|Any CPU
		{3D27A825-7D6C-4895-98DC-6038EE000C2C}.Debug|iPhone.Build.0 = Debug|Any CPU
		{3D27A825-7D6C-4895-98DC-6038EE000C2C}.Debug|iPhoneSimulator.ActiveCfg = Debug|Any CPU
		{3D27A825-7D6C-4895-98DC-6038EE000C2C}.Debug|iPhoneSimulator.Build.0 = Debug|Any CPU
		{3D27A825-7D6C-4895-98DC-6038EE000C2C}.Release|Any CPU.ActiveCfg = Release|Any CPU
		{3D27A825-7D6C-4895-98DC-6038EE000C2C}.Release|Any CPU.Build.0 = Release|Any CPU
		{3D27A825-7D6C-4895-98DC-6038EE000C2C}.Release|iPhone.ActiveCfg = Release|Any CPU
		{3D27A825-7D6C-4895-98DC-6038EE000C2C}.Release|iPhone.Build.0 = Release|Any CPU
		{3D27A825-7D6C-4895-98DC-6038EE000C2C}.Release|iPhoneSimulator.ActiveCfg = Release|Any CPU
		{3D27A825-7D6C-4895-98DC-6038EE000C2C}.Release|iPhoneSimulator.Build.0 = Release|Any CPU
		{B2028CEA-11DC-4449-963E-E7B47D203502}.Debug|Any CPU.ActiveCfg = Debug|Any CPU
		{B2028CEA-11DC-4449-963E-E7B47D203502}.Debug|Any CPU.Build.0 = Debug|Any CPU
		{B2028CEA-11DC-4449-963E-E7B47D203502}.Debug|iPhone.ActiveCfg = Debug|Any CPU
		{B2028CEA-11DC-4449-963E-E7B47D203502}.Debug|iPhone.Build.0 = Debug|Any CPU
		{B2028CEA-11DC-4449-963E-E7B47D203502}.Debug|iPhoneSimulator.ActiveCfg = Debug|Any CPU
		{B2028CEA-11DC-4449-963E-E7B47D203502}.Debug|iPhoneSimulator.Build.0 = Debug|Any CPU
		{B2028CEA-11DC-4449-963E-E7B47D203502}.Release|Any CPU.ActiveCfg = Release|Any CPU
		{B2028CEA-11DC-4449-963E-E7B47D203502}.Release|Any CPU.Build.0 = Release|Any CPU
		{B2028CEA-11DC-4449-963E-E7B47D203502}.Release|iPhone.ActiveCfg = Release|Any CPU
		{B2028CEA-11DC-4449-963E-E7B47D203502}.Release|iPhone.Build.0 = Release|Any CPU
		{B2028CEA-11DC-4449-963E-E7B47D203502}.Release|iPhoneSimulator.ActiveCfg = Release|Any CPU
		{B2028CEA-11DC-4449-963E-E7B47D203502}.Release|iPhoneSimulator.Build.0 = Release|Any CPU
		{C6199F48-0EF9-45CF-AF68-E85625865583}.Debug|Any CPU.ActiveCfg = Debug|Any CPU
		{C6199F48-0EF9-45CF-AF68-E85625865583}.Debug|Any CPU.Build.0 = Debug|Any CPU
		{C6199F48-0EF9-45CF-AF68-E85625865583}.Debug|iPhone.ActiveCfg = Debug|Any CPU
		{C6199F48-0EF9-45CF-AF68-E85625865583}.Debug|iPhone.Build.0 = Debug|Any CPU
		{C6199F48-0EF9-45CF-AF68-E85625865583}.Debug|iPhoneSimulator.ActiveCfg = Debug|Any CPU
		{C6199F48-0EF9-45CF-AF68-E85625865583}.Debug|iPhoneSimulator.Build.0 = Debug|Any CPU
		{C6199F48-0EF9-45CF-AF68-E85625865583}.Release|Any CPU.ActiveCfg = Release|Any CPU
		{C6199F48-0EF9-45CF-AF68-E85625865583}.Release|Any CPU.Build.0 = Release|Any CPU
		{C6199F48-0EF9-45CF-AF68-E85625865583}.Release|iPhone.ActiveCfg = Release|Any CPU
		{C6199F48-0EF9-45CF-AF68-E85625865583}.Release|iPhone.Build.0 = Release|Any CPU
		{C6199F48-0EF9-45CF-AF68-E85625865583}.Release|iPhoneSimulator.ActiveCfg = Release|Any CPU
		{C6199F48-0EF9-45CF-AF68-E85625865583}.Release|iPhoneSimulator.Build.0 = Release|Any CPU
		{0831C7C4-BC7B-489F-8E3A-F4B996F60CE8}.Debug|Any CPU.ActiveCfg = Debug|Any CPU
		{0831C7C4-BC7B-489F-8E3A-F4B996F60CE8}.Debug|Any CPU.Build.0 = Debug|Any CPU
		{0831C7C4-BC7B-489F-8E3A-F4B996F60CE8}.Debug|iPhone.ActiveCfg = Debug|Any CPU
		{0831C7C4-BC7B-489F-8E3A-F4B996F60CE8}.Debug|iPhone.Build.0 = Debug|Any CPU
		{0831C7C4-BC7B-489F-8E3A-F4B996F60CE8}.Debug|iPhoneSimulator.ActiveCfg = Debug|Any CPU
		{0831C7C4-BC7B-489F-8E3A-F4B996F60CE8}.Debug|iPhoneSimulator.Build.0 = Debug|Any CPU
		{0831C7C4-BC7B-489F-8E3A-F4B996F60CE8}.Release|Any CPU.ActiveCfg = Release|Any CPU
		{0831C7C4-BC7B-489F-8E3A-F4B996F60CE8}.Release|Any CPU.Build.0 = Release|Any CPU
		{0831C7C4-BC7B-489F-8E3A-F4B996F60CE8}.Release|iPhone.ActiveCfg = Release|Any CPU
		{0831C7C4-BC7B-489F-8E3A-F4B996F60CE8}.Release|iPhone.Build.0 = Release|Any CPU
		{0831C7C4-BC7B-489F-8E3A-F4B996F60CE8}.Release|iPhoneSimulator.ActiveCfg = Release|Any CPU
		{0831C7C4-BC7B-489F-8E3A-F4B996F60CE8}.Release|iPhoneSimulator.Build.0 = Release|Any CPU
		{2AC2B64E-2060-4473-BEE4-404FFDDDF87B}.Debug|Any CPU.ActiveCfg = Debug|Any CPU
		{2AC2B64E-2060-4473-BEE4-404FFDDDF87B}.Debug|Any CPU.Build.0 = Debug|Any CPU
		{2AC2B64E-2060-4473-BEE4-404FFDDDF87B}.Debug|iPhone.ActiveCfg = Debug|Any CPU
		{2AC2B64E-2060-4473-BEE4-404FFDDDF87B}.Debug|iPhone.Build.0 = Debug|Any CPU
		{2AC2B64E-2060-4473-BEE4-404FFDDDF87B}.Debug|iPhoneSimulator.ActiveCfg = Debug|Any CPU
		{2AC2B64E-2060-4473-BEE4-404FFDDDF87B}.Debug|iPhoneSimulator.Build.0 = Debug|Any CPU
		{2AC2B64E-2060-4473-BEE4-404FFDDDF87B}.Release|Any CPU.ActiveCfg = Release|Any CPU
		{2AC2B64E-2060-4473-BEE4-404FFDDDF87B}.Release|Any CPU.Build.0 = Release|Any CPU
		{2AC2B64E-2060-4473-BEE4-404FFDDDF87B}.Release|iPhone.ActiveCfg = Release|Any CPU
		{2AC2B64E-2060-4473-BEE4-404FFDDDF87B}.Release|iPhone.Build.0 = Release|Any CPU
		{2AC2B64E-2060-4473-BEE4-404FFDDDF87B}.Release|iPhoneSimulator.ActiveCfg = Release|Any CPU
		{2AC2B64E-2060-4473-BEE4-404FFDDDF87B}.Release|iPhoneSimulator.Build.0 = Release|Any CPU
		{25F7B507-CEA5-42B9-BCD9-599C98638D47}.Debug|Any CPU.ActiveCfg = Debug|Any CPU
		{25F7B507-CEA5-42B9-BCD9-599C98638D47}.Debug|Any CPU.Build.0 = Debug|Any CPU
		{25F7B507-CEA5-42B9-BCD9-599C98638D47}.Debug|iPhone.ActiveCfg = Debug|Any CPU
		{25F7B507-CEA5-42B9-BCD9-599C98638D47}.Debug|iPhone.Build.0 = Debug|Any CPU
		{25F7B507-CEA5-42B9-BCD9-599C98638D47}.Debug|iPhoneSimulator.ActiveCfg = Debug|Any CPU
		{25F7B507-CEA5-42B9-BCD9-599C98638D47}.Debug|iPhoneSimulator.Build.0 = Debug|Any CPU
		{25F7B507-CEA5-42B9-BCD9-599C98638D47}.Release|Any CPU.ActiveCfg = Release|Any CPU
		{25F7B507-CEA5-42B9-BCD9-599C98638D47}.Release|Any CPU.Build.0 = Release|Any CPU
		{25F7B507-CEA5-42B9-BCD9-599C98638D47}.Release|iPhone.ActiveCfg = Release|Any CPU
		{25F7B507-CEA5-42B9-BCD9-599C98638D47}.Release|iPhone.Build.0 = Release|Any CPU
		{25F7B507-CEA5-42B9-BCD9-599C98638D47}.Release|iPhoneSimulator.ActiveCfg = Release|Any CPU
		{25F7B507-CEA5-42B9-BCD9-599C98638D47}.Release|iPhoneSimulator.Build.0 = Release|Any CPU
		{4C7FA7F3-9369-4465-97AD-67ED9AA10FC5}.Debug|Any CPU.ActiveCfg = Debug|Any CPU
		{4C7FA7F3-9369-4465-97AD-67ED9AA10FC5}.Debug|Any CPU.Build.0 = Debug|Any CPU
		{4C7FA7F3-9369-4465-97AD-67ED9AA10FC5}.Debug|iPhone.ActiveCfg = Debug|Any CPU
		{4C7FA7F3-9369-4465-97AD-67ED9AA10FC5}.Debug|iPhone.Build.0 = Debug|Any CPU
		{4C7FA7F3-9369-4465-97AD-67ED9AA10FC5}.Debug|iPhoneSimulator.ActiveCfg = Debug|Any CPU
		{4C7FA7F3-9369-4465-97AD-67ED9AA10FC5}.Debug|iPhoneSimulator.Build.0 = Debug|Any CPU
		{4C7FA7F3-9369-4465-97AD-67ED9AA10FC5}.Release|Any CPU.ActiveCfg = Release|Any CPU
		{4C7FA7F3-9369-4465-97AD-67ED9AA10FC5}.Release|Any CPU.Build.0 = Release|Any CPU
		{4C7FA7F3-9369-4465-97AD-67ED9AA10FC5}.Release|iPhone.ActiveCfg = Release|Any CPU
		{4C7FA7F3-9369-4465-97AD-67ED9AA10FC5}.Release|iPhone.Build.0 = Release|Any CPU
		{4C7FA7F3-9369-4465-97AD-67ED9AA10FC5}.Release|iPhoneSimulator.ActiveCfg = Release|Any CPU
		{4C7FA7F3-9369-4465-97AD-67ED9AA10FC5}.Release|iPhoneSimulator.Build.0 = Release|Any CPU
		{B0A80D2D-8052-49F4-9CBA-9217982D3100}.Debug|Any CPU.ActiveCfg = Debug|Any CPU
		{B0A80D2D-8052-49F4-9CBA-9217982D3100}.Debug|Any CPU.Build.0 = Debug|Any CPU
		{B0A80D2D-8052-49F4-9CBA-9217982D3100}.Debug|iPhone.ActiveCfg = Debug|Any CPU
		{B0A80D2D-8052-49F4-9CBA-9217982D3100}.Debug|iPhone.Build.0 = Debug|Any CPU
		{B0A80D2D-8052-49F4-9CBA-9217982D3100}.Debug|iPhoneSimulator.ActiveCfg = Debug|Any CPU
		{B0A80D2D-8052-49F4-9CBA-9217982D3100}.Debug|iPhoneSimulator.Build.0 = Debug|Any CPU
		{B0A80D2D-8052-49F4-9CBA-9217982D3100}.Release|Any CPU.ActiveCfg = Release|Any CPU
		{B0A80D2D-8052-49F4-9CBA-9217982D3100}.Release|Any CPU.Build.0 = Release|Any CPU
		{B0A80D2D-8052-49F4-9CBA-9217982D3100}.Release|iPhone.ActiveCfg = Release|Any CPU
		{B0A80D2D-8052-49F4-9CBA-9217982D3100}.Release|iPhone.Build.0 = Release|Any CPU
		{B0A80D2D-8052-49F4-9CBA-9217982D3100}.Release|iPhoneSimulator.ActiveCfg = Release|Any CPU
		{B0A80D2D-8052-49F4-9CBA-9217982D3100}.Release|iPhoneSimulator.Build.0 = Release|Any CPU
		{2C52A17A-9D60-46A1-A287-520C60896C2C}.Debug|Any CPU.ActiveCfg = Debug|Any CPU
		{2C52A17A-9D60-46A1-A287-520C60896C2C}.Debug|Any CPU.Build.0 = Debug|Any CPU
		{2C52A17A-9D60-46A1-A287-520C60896C2C}.Debug|iPhone.ActiveCfg = Debug|Any CPU
		{2C52A17A-9D60-46A1-A287-520C60896C2C}.Debug|iPhone.Build.0 = Debug|Any CPU
		{2C52A17A-9D60-46A1-A287-520C60896C2C}.Debug|iPhoneSimulator.ActiveCfg = Debug|Any CPU
		{2C52A17A-9D60-46A1-A287-520C60896C2C}.Debug|iPhoneSimulator.Build.0 = Debug|Any CPU
		{2C52A17A-9D60-46A1-A287-520C60896C2C}.Release|Any CPU.ActiveCfg = Release|Any CPU
		{2C52A17A-9D60-46A1-A287-520C60896C2C}.Release|Any CPU.Build.0 = Release|Any CPU
		{2C52A17A-9D60-46A1-A287-520C60896C2C}.Release|iPhone.ActiveCfg = Release|Any CPU
		{2C52A17A-9D60-46A1-A287-520C60896C2C}.Release|iPhone.Build.0 = Release|Any CPU
		{2C52A17A-9D60-46A1-A287-520C60896C2C}.Release|iPhoneSimulator.ActiveCfg = Release|Any CPU
		{2C52A17A-9D60-46A1-A287-520C60896C2C}.Release|iPhoneSimulator.Build.0 = Release|Any CPU
		{92F2A4DB-1F53-4183-9882-19654691FEDD}.Debug|Any CPU.ActiveCfg = Debug|Any CPU
		{92F2A4DB-1F53-4183-9882-19654691FEDD}.Debug|Any CPU.Build.0 = Debug|Any CPU
		{92F2A4DB-1F53-4183-9882-19654691FEDD}.Debug|iPhone.ActiveCfg = Debug|Any CPU
		{92F2A4DB-1F53-4183-9882-19654691FEDD}.Debug|iPhone.Build.0 = Debug|Any CPU
		{92F2A4DB-1F53-4183-9882-19654691FEDD}.Debug|iPhoneSimulator.ActiveCfg = Debug|Any CPU
		{92F2A4DB-1F53-4183-9882-19654691FEDD}.Debug|iPhoneSimulator.Build.0 = Debug|Any CPU
		{92F2A4DB-1F53-4183-9882-19654691FEDD}.Release|Any CPU.ActiveCfg = Release|Any CPU
		{92F2A4DB-1F53-4183-9882-19654691FEDD}.Release|Any CPU.Build.0 = Release|Any CPU
		{92F2A4DB-1F53-4183-9882-19654691FEDD}.Release|iPhone.ActiveCfg = Release|Any CPU
		{92F2A4DB-1F53-4183-9882-19654691FEDD}.Release|iPhone.Build.0 = Release|Any CPU
		{92F2A4DB-1F53-4183-9882-19654691FEDD}.Release|iPhoneSimulator.ActiveCfg = Release|Any CPU
		{92F2A4DB-1F53-4183-9882-19654691FEDD}.Release|iPhoneSimulator.Build.0 = Release|Any CPU
		{4FEF1FEA-3593-47EF-A499-A703F820B255}.Debug|Any CPU.ActiveCfg = Debug|Any CPU
		{4FEF1FEA-3593-47EF-A499-A703F820B255}.Debug|Any CPU.Build.0 = Debug|Any CPU
		{4FEF1FEA-3593-47EF-A499-A703F820B255}.Debug|iPhone.ActiveCfg = Debug|Any CPU
		{4FEF1FEA-3593-47EF-A499-A703F820B255}.Debug|iPhone.Build.0 = Debug|Any CPU
		{4FEF1FEA-3593-47EF-A499-A703F820B255}.Debug|iPhoneSimulator.ActiveCfg = Debug|Any CPU
		{4FEF1FEA-3593-47EF-A499-A703F820B255}.Debug|iPhoneSimulator.Build.0 = Debug|Any CPU
		{4FEF1FEA-3593-47EF-A499-A703F820B255}.Release|Any CPU.ActiveCfg = Release|Any CPU
		{4FEF1FEA-3593-47EF-A499-A703F820B255}.Release|Any CPU.Build.0 = Release|Any CPU
		{4FEF1FEA-3593-47EF-A499-A703F820B255}.Release|iPhone.ActiveCfg = Release|Any CPU
		{4FEF1FEA-3593-47EF-A499-A703F820B255}.Release|iPhone.Build.0 = Release|Any CPU
		{4FEF1FEA-3593-47EF-A499-A703F820B255}.Release|iPhoneSimulator.ActiveCfg = Release|Any CPU
		{4FEF1FEA-3593-47EF-A499-A703F820B255}.Release|iPhoneSimulator.Build.0 = Release|Any CPU
		{E84B93A6-83D5-460C-8F04-F06275D53A07}.Debug|Any CPU.ActiveCfg = Debug|Any CPU
		{E84B93A6-83D5-460C-8F04-F06275D53A07}.Debug|Any CPU.Build.0 = Debug|Any CPU
		{E84B93A6-83D5-460C-8F04-F06275D53A07}.Debug|iPhone.ActiveCfg = Debug|Any CPU
		{E84B93A6-83D5-460C-8F04-F06275D53A07}.Debug|iPhone.Build.0 = Debug|Any CPU
		{E84B93A6-83D5-460C-8F04-F06275D53A07}.Debug|iPhoneSimulator.ActiveCfg = Debug|Any CPU
		{E84B93A6-83D5-460C-8F04-F06275D53A07}.Debug|iPhoneSimulator.Build.0 = Debug|Any CPU
		{E84B93A6-83D5-460C-8F04-F06275D53A07}.Release|Any CPU.ActiveCfg = Release|Any CPU
		{E84B93A6-83D5-460C-8F04-F06275D53A07}.Release|Any CPU.Build.0 = Release|Any CPU
		{E84B93A6-83D5-460C-8F04-F06275D53A07}.Release|iPhone.ActiveCfg = Release|Any CPU
		{E84B93A6-83D5-460C-8F04-F06275D53A07}.Release|iPhone.Build.0 = Release|Any CPU
		{E84B93A6-83D5-460C-8F04-F06275D53A07}.Release|iPhoneSimulator.ActiveCfg = Release|Any CPU
		{E84B93A6-83D5-460C-8F04-F06275D53A07}.Release|iPhoneSimulator.Build.0 = Release|Any CPU
		{0FBE4626-A7F1-44BF-938E-F3AD87CAA679}.Debug|Any CPU.ActiveCfg = Debug|Any CPU
		{0FBE4626-A7F1-44BF-938E-F3AD87CAA679}.Debug|Any CPU.Build.0 = Debug|Any CPU
		{0FBE4626-A7F1-44BF-938E-F3AD87CAA679}.Debug|iPhone.ActiveCfg = Debug|Any CPU
		{0FBE4626-A7F1-44BF-938E-F3AD87CAA679}.Debug|iPhone.Build.0 = Debug|Any CPU
		{0FBE4626-A7F1-44BF-938E-F3AD87CAA679}.Debug|iPhoneSimulator.ActiveCfg = Debug|Any CPU
		{0FBE4626-A7F1-44BF-938E-F3AD87CAA679}.Debug|iPhoneSimulator.Build.0 = Debug|Any CPU
		{0FBE4626-A7F1-44BF-938E-F3AD87CAA679}.Release|Any CPU.ActiveCfg = Release|Any CPU
		{0FBE4626-A7F1-44BF-938E-F3AD87CAA679}.Release|Any CPU.Build.0 = Release|Any CPU
		{0FBE4626-A7F1-44BF-938E-F3AD87CAA679}.Release|iPhone.ActiveCfg = Release|Any CPU
		{0FBE4626-A7F1-44BF-938E-F3AD87CAA679}.Release|iPhone.Build.0 = Release|Any CPU
		{0FBE4626-A7F1-44BF-938E-F3AD87CAA679}.Release|iPhoneSimulator.ActiveCfg = Release|Any CPU
		{0FBE4626-A7F1-44BF-938E-F3AD87CAA679}.Release|iPhoneSimulator.Build.0 = Release|Any CPU
		{3B7DB744-F8EF-4468-8649-60A5904AB290}.Debug|Any CPU.ActiveCfg = Debug|Any CPU
		{3B7DB744-F8EF-4468-8649-60A5904AB290}.Debug|Any CPU.Build.0 = Debug|Any CPU
		{3B7DB744-F8EF-4468-8649-60A5904AB290}.Debug|iPhone.ActiveCfg = Debug|Any CPU
		{3B7DB744-F8EF-4468-8649-60A5904AB290}.Debug|iPhone.Build.0 = Debug|Any CPU
		{3B7DB744-F8EF-4468-8649-60A5904AB290}.Debug|iPhoneSimulator.ActiveCfg = Debug|Any CPU
		{3B7DB744-F8EF-4468-8649-60A5904AB290}.Debug|iPhoneSimulator.Build.0 = Debug|Any CPU
		{3B7DB744-F8EF-4468-8649-60A5904AB290}.Release|Any CPU.ActiveCfg = Release|Any CPU
		{3B7DB744-F8EF-4468-8649-60A5904AB290}.Release|Any CPU.Build.0 = Release|Any CPU
		{3B7DB744-F8EF-4468-8649-60A5904AB290}.Release|iPhone.ActiveCfg = Release|Any CPU
		{3B7DB744-F8EF-4468-8649-60A5904AB290}.Release|iPhone.Build.0 = Release|Any CPU
		{3B7DB744-F8EF-4468-8649-60A5904AB290}.Release|iPhoneSimulator.ActiveCfg = Release|Any CPU
		{3B7DB744-F8EF-4468-8649-60A5904AB290}.Release|iPhoneSimulator.Build.0 = Release|Any CPU
		{33BB3B0E-3DBE-4CAA-8012-788DCEE002EC}.Debug|Any CPU.ActiveCfg = Debug|Any CPU
		{33BB3B0E-3DBE-4CAA-8012-788DCEE002EC}.Debug|Any CPU.Build.0 = Debug|Any CPU
		{33BB3B0E-3DBE-4CAA-8012-788DCEE002EC}.Debug|iPhone.ActiveCfg = Debug|Any CPU
		{33BB3B0E-3DBE-4CAA-8012-788DCEE002EC}.Debug|iPhone.Build.0 = Debug|Any CPU
		{33BB3B0E-3DBE-4CAA-8012-788DCEE002EC}.Debug|iPhoneSimulator.ActiveCfg = Debug|Any CPU
		{33BB3B0E-3DBE-4CAA-8012-788DCEE002EC}.Debug|iPhoneSimulator.Build.0 = Debug|Any CPU
		{33BB3B0E-3DBE-4CAA-8012-788DCEE002EC}.Release|Any CPU.ActiveCfg = Release|Any CPU
		{33BB3B0E-3DBE-4CAA-8012-788DCEE002EC}.Release|Any CPU.Build.0 = Release|Any CPU
		{33BB3B0E-3DBE-4CAA-8012-788DCEE002EC}.Release|iPhone.ActiveCfg = Release|Any CPU
		{33BB3B0E-3DBE-4CAA-8012-788DCEE002EC}.Release|iPhone.Build.0 = Release|Any CPU
		{33BB3B0E-3DBE-4CAA-8012-788DCEE002EC}.Release|iPhoneSimulator.ActiveCfg = Release|Any CPU
		{33BB3B0E-3DBE-4CAA-8012-788DCEE002EC}.Release|iPhoneSimulator.Build.0 = Release|Any CPU
		{32B38CB3-1E87-4203-A97F-CBE0D90F8D5F}.Debug|Any CPU.ActiveCfg = Debug|Any CPU
		{32B38CB3-1E87-4203-A97F-CBE0D90F8D5F}.Debug|Any CPU.Build.0 = Debug|Any CPU
		{32B38CB3-1E87-4203-A97F-CBE0D90F8D5F}.Debug|iPhone.ActiveCfg = Debug|Any CPU
		{32B38CB3-1E87-4203-A97F-CBE0D90F8D5F}.Debug|iPhone.Build.0 = Debug|Any CPU
		{32B38CB3-1E87-4203-A97F-CBE0D90F8D5F}.Debug|iPhoneSimulator.ActiveCfg = Debug|Any CPU
		{32B38CB3-1E87-4203-A97F-CBE0D90F8D5F}.Debug|iPhoneSimulator.Build.0 = Debug|Any CPU
		{32B38CB3-1E87-4203-A97F-CBE0D90F8D5F}.Release|Any CPU.ActiveCfg = Release|Any CPU
		{32B38CB3-1E87-4203-A97F-CBE0D90F8D5F}.Release|Any CPU.Build.0 = Release|Any CPU
		{32B38CB3-1E87-4203-A97F-CBE0D90F8D5F}.Release|iPhone.ActiveCfg = Release|Any CPU
		{32B38CB3-1E87-4203-A97F-CBE0D90F8D5F}.Release|iPhone.Build.0 = Release|Any CPU
		{32B38CB3-1E87-4203-A97F-CBE0D90F8D5F}.Release|iPhoneSimulator.ActiveCfg = Release|Any CPU
		{32B38CB3-1E87-4203-A97F-CBE0D90F8D5F}.Release|iPhoneSimulator.Build.0 = Release|Any CPU
		{F0535D76-F7CF-4843-9373-B96C271FDB2F}.Debug|Any CPU.ActiveCfg = Debug|Any CPU
		{F0535D76-F7CF-4843-9373-B96C271FDB2F}.Debug|Any CPU.Build.0 = Debug|Any CPU
		{F0535D76-F7CF-4843-9373-B96C271FDB2F}.Debug|iPhone.ActiveCfg = Debug|Any CPU
		{F0535D76-F7CF-4843-9373-B96C271FDB2F}.Debug|iPhone.Build.0 = Debug|Any CPU
		{F0535D76-F7CF-4843-9373-B96C271FDB2F}.Debug|iPhoneSimulator.ActiveCfg = Debug|Any CPU
		{F0535D76-F7CF-4843-9373-B96C271FDB2F}.Debug|iPhoneSimulator.Build.0 = Debug|Any CPU
		{F0535D76-F7CF-4843-9373-B96C271FDB2F}.Release|Any CPU.ActiveCfg = Release|Any CPU
		{F0535D76-F7CF-4843-9373-B96C271FDB2F}.Release|Any CPU.Build.0 = Release|Any CPU
		{F0535D76-F7CF-4843-9373-B96C271FDB2F}.Release|iPhone.ActiveCfg = Release|Any CPU
		{F0535D76-F7CF-4843-9373-B96C271FDB2F}.Release|iPhone.Build.0 = Release|Any CPU
		{F0535D76-F7CF-4843-9373-B96C271FDB2F}.Release|iPhoneSimulator.ActiveCfg = Release|Any CPU
		{F0535D76-F7CF-4843-9373-B96C271FDB2F}.Release|iPhoneSimulator.Build.0 = Release|Any CPU
		{A6B7FF8A-BE56-4435-AE80-1D9D9B0E3B16}.Debug|Any CPU.ActiveCfg = Debug|Any CPU
		{A6B7FF8A-BE56-4435-AE80-1D9D9B0E3B16}.Debug|Any CPU.Build.0 = Debug|Any CPU
		{A6B7FF8A-BE56-4435-AE80-1D9D9B0E3B16}.Debug|iPhone.ActiveCfg = Debug|Any CPU
		{A6B7FF8A-BE56-4435-AE80-1D9D9B0E3B16}.Debug|iPhone.Build.0 = Debug|Any CPU
		{A6B7FF8A-BE56-4435-AE80-1D9D9B0E3B16}.Debug|iPhoneSimulator.ActiveCfg = Debug|Any CPU
		{A6B7FF8A-BE56-4435-AE80-1D9D9B0E3B16}.Debug|iPhoneSimulator.Build.0 = Debug|Any CPU
		{A6B7FF8A-BE56-4435-AE80-1D9D9B0E3B16}.Release|Any CPU.ActiveCfg = Release|Any CPU
		{A6B7FF8A-BE56-4435-AE80-1D9D9B0E3B16}.Release|Any CPU.Build.0 = Release|Any CPU
		{A6B7FF8A-BE56-4435-AE80-1D9D9B0E3B16}.Release|iPhone.ActiveCfg = Release|Any CPU
		{A6B7FF8A-BE56-4435-AE80-1D9D9B0E3B16}.Release|iPhone.Build.0 = Release|Any CPU
		{A6B7FF8A-BE56-4435-AE80-1D9D9B0E3B16}.Release|iPhoneSimulator.ActiveCfg = Release|Any CPU
		{A6B7FF8A-BE56-4435-AE80-1D9D9B0E3B16}.Release|iPhoneSimulator.Build.0 = Release|Any CPU
		{C11A7E06-B6EA-4FBE-A6C0-BA837A4F42D4}.Debug|Any CPU.ActiveCfg = Debug|Any CPU
		{C11A7E06-B6EA-4FBE-A6C0-BA837A4F42D4}.Debug|Any CPU.Build.0 = Debug|Any CPU
		{C11A7E06-B6EA-4FBE-A6C0-BA837A4F42D4}.Debug|iPhone.ActiveCfg = Debug|Any CPU
		{C11A7E06-B6EA-4FBE-A6C0-BA837A4F42D4}.Debug|iPhone.Build.0 = Debug|Any CPU
		{C11A7E06-B6EA-4FBE-A6C0-BA837A4F42D4}.Debug|iPhoneSimulator.ActiveCfg = Debug|Any CPU
		{C11A7E06-B6EA-4FBE-A6C0-BA837A4F42D4}.Debug|iPhoneSimulator.Build.0 = Debug|Any CPU
		{C11A7E06-B6EA-4FBE-A6C0-BA837A4F42D4}.Release|Any CPU.ActiveCfg = Release|Any CPU
		{C11A7E06-B6EA-4FBE-A6C0-BA837A4F42D4}.Release|Any CPU.Build.0 = Release|Any CPU
		{C11A7E06-B6EA-4FBE-A6C0-BA837A4F42D4}.Release|iPhone.ActiveCfg = Release|Any CPU
		{C11A7E06-B6EA-4FBE-A6C0-BA837A4F42D4}.Release|iPhone.Build.0 = Release|Any CPU
		{C11A7E06-B6EA-4FBE-A6C0-BA837A4F42D4}.Release|iPhoneSimulator.ActiveCfg = Release|Any CPU
		{C11A7E06-B6EA-4FBE-A6C0-BA837A4F42D4}.Release|iPhoneSimulator.Build.0 = Release|Any CPU
		{A18BDA86-D5AC-44B7-90E7-F2F3347F0126}.Debug|Any CPU.ActiveCfg = Debug|Any CPU
		{A18BDA86-D5AC-44B7-90E7-F2F3347F0126}.Debug|Any CPU.Build.0 = Debug|Any CPU
		{A18BDA86-D5AC-44B7-90E7-F2F3347F0126}.Debug|Any CPU.Deploy.0 = Debug|Any CPU
		{A18BDA86-D5AC-44B7-90E7-F2F3347F0126}.Debug|iPhone.ActiveCfg = Debug|Any CPU
		{A18BDA86-D5AC-44B7-90E7-F2F3347F0126}.Debug|iPhone.Build.0 = Debug|Any CPU
		{A18BDA86-D5AC-44B7-90E7-F2F3347F0126}.Debug|iPhone.Deploy.0 = Debug|Any CPU
		{A18BDA86-D5AC-44B7-90E7-F2F3347F0126}.Debug|iPhoneSimulator.ActiveCfg = Debug|Any CPU
		{A18BDA86-D5AC-44B7-90E7-F2F3347F0126}.Debug|iPhoneSimulator.Build.0 = Debug|Any CPU
		{A18BDA86-D5AC-44B7-90E7-F2F3347F0126}.Debug|iPhoneSimulator.Deploy.0 = Debug|Any CPU
		{A18BDA86-D5AC-44B7-90E7-F2F3347F0126}.Release|Any CPU.ActiveCfg = Release|Any CPU
		{A18BDA86-D5AC-44B7-90E7-F2F3347F0126}.Release|Any CPU.Build.0 = Release|Any CPU
		{A18BDA86-D5AC-44B7-90E7-F2F3347F0126}.Release|Any CPU.Deploy.0 = Release|Any CPU
		{A18BDA86-D5AC-44B7-90E7-F2F3347F0126}.Release|iPhone.ActiveCfg = Release|Any CPU
		{A18BDA86-D5AC-44B7-90E7-F2F3347F0126}.Release|iPhone.Build.0 = Release|Any CPU
		{A18BDA86-D5AC-44B7-90E7-F2F3347F0126}.Release|iPhone.Deploy.0 = Release|Any CPU
		{A18BDA86-D5AC-44B7-90E7-F2F3347F0126}.Release|iPhoneSimulator.ActiveCfg = Release|Any CPU
		{A18BDA86-D5AC-44B7-90E7-F2F3347F0126}.Release|iPhoneSimulator.Build.0 = Release|Any CPU
		{A18BDA86-D5AC-44B7-90E7-F2F3347F0126}.Release|iPhoneSimulator.Deploy.0 = Release|Any CPU
		{0B53949A-4592-4765-8CD2-13EBBB30B37F}.Debug|Any CPU.ActiveCfg = Debug|iPhoneSimulator
		{0B53949A-4592-4765-8CD2-13EBBB30B37F}.Debug|Any CPU.Build.0 = Debug|iPhoneSimulator
		{0B53949A-4592-4765-8CD2-13EBBB30B37F}.Debug|iPhone.ActiveCfg = Debug|iPhone
		{0B53949A-4592-4765-8CD2-13EBBB30B37F}.Debug|iPhone.Build.0 = Debug|iPhone
		{0B53949A-4592-4765-8CD2-13EBBB30B37F}.Debug|iPhoneSimulator.ActiveCfg = Debug|iPhoneSimulator
		{0B53949A-4592-4765-8CD2-13EBBB30B37F}.Debug|iPhoneSimulator.Build.0 = Debug|iPhoneSimulator
		{0B53949A-4592-4765-8CD2-13EBBB30B37F}.Release|Any CPU.ActiveCfg = Release|iPhoneSimulator
		{0B53949A-4592-4765-8CD2-13EBBB30B37F}.Release|Any CPU.Build.0 = Release|iPhoneSimulator
		{0B53949A-4592-4765-8CD2-13EBBB30B37F}.Release|iPhone.ActiveCfg = Release|iPhone
		{0B53949A-4592-4765-8CD2-13EBBB30B37F}.Release|iPhone.Build.0 = Release|iPhone
		{0B53949A-4592-4765-8CD2-13EBBB30B37F}.Release|iPhoneSimulator.ActiveCfg = Release|iPhoneSimulator
		{0B53949A-4592-4765-8CD2-13EBBB30B37F}.Release|iPhoneSimulator.Build.0 = Release|iPhoneSimulator
		{6041D910-07AE-42E6-AA1E-A3C351AD66B5}.Debug|Any CPU.ActiveCfg = Debug|Any CPU
		{6041D910-07AE-42E6-AA1E-A3C351AD66B5}.Debug|Any CPU.Build.0 = Debug|Any CPU
		{6041D910-07AE-42E6-AA1E-A3C351AD66B5}.Debug|iPhone.ActiveCfg = Debug|Any CPU
		{6041D910-07AE-42E6-AA1E-A3C351AD66B5}.Debug|iPhone.Build.0 = Debug|Any CPU
		{6041D910-07AE-42E6-AA1E-A3C351AD66B5}.Debug|iPhoneSimulator.ActiveCfg = Debug|Any CPU
		{6041D910-07AE-42E6-AA1E-A3C351AD66B5}.Debug|iPhoneSimulator.Build.0 = Debug|Any CPU
		{6041D910-07AE-42E6-AA1E-A3C351AD66B5}.Release|Any CPU.ActiveCfg = Release|Any CPU
		{6041D910-07AE-42E6-AA1E-A3C351AD66B5}.Release|Any CPU.Build.0 = Release|Any CPU
		{6041D910-07AE-42E6-AA1E-A3C351AD66B5}.Release|iPhone.ActiveCfg = Release|Any CPU
		{6041D910-07AE-42E6-AA1E-A3C351AD66B5}.Release|iPhone.Build.0 = Release|Any CPU
		{6041D910-07AE-42E6-AA1E-A3C351AD66B5}.Release|iPhoneSimulator.ActiveCfg = Release|Any CPU
		{6041D910-07AE-42E6-AA1E-A3C351AD66B5}.Release|iPhoneSimulator.Build.0 = Release|Any CPU
		{A9089AF1-8040-4C2D-861A-1FDB992D6A34}.Debug|Any CPU.ActiveCfg = Debug|Any CPU
		{A9089AF1-8040-4C2D-861A-1FDB992D6A34}.Debug|Any CPU.Build.0 = Debug|Any CPU
		{A9089AF1-8040-4C2D-861A-1FDB992D6A34}.Debug|Any CPU.Deploy.0 = Debug|Any CPU
		{A9089AF1-8040-4C2D-861A-1FDB992D6A34}.Debug|iPhone.ActiveCfg = Debug|Any CPU
		{A9089AF1-8040-4C2D-861A-1FDB992D6A34}.Debug|iPhone.Build.0 = Debug|Any CPU
		{A9089AF1-8040-4C2D-861A-1FDB992D6A34}.Debug|iPhone.Deploy.0 = Debug|Any CPU
		{A9089AF1-8040-4C2D-861A-1FDB992D6A34}.Debug|iPhoneSimulator.ActiveCfg = Debug|Any CPU
		{A9089AF1-8040-4C2D-861A-1FDB992D6A34}.Debug|iPhoneSimulator.Build.0 = Debug|Any CPU
		{A9089AF1-8040-4C2D-861A-1FDB992D6A34}.Debug|iPhoneSimulator.Deploy.0 = Debug|Any CPU
		{A9089AF1-8040-4C2D-861A-1FDB992D6A34}.Release|Any CPU.ActiveCfg = Release|Any CPU
		{A9089AF1-8040-4C2D-861A-1FDB992D6A34}.Release|Any CPU.Build.0 = Release|Any CPU
		{A9089AF1-8040-4C2D-861A-1FDB992D6A34}.Release|Any CPU.Deploy.0 = Release|Any CPU
		{A9089AF1-8040-4C2D-861A-1FDB992D6A34}.Release|iPhone.ActiveCfg = Release|Any CPU
		{A9089AF1-8040-4C2D-861A-1FDB992D6A34}.Release|iPhone.Build.0 = Release|Any CPU
		{A9089AF1-8040-4C2D-861A-1FDB992D6A34}.Release|iPhone.Deploy.0 = Release|Any CPU
		{A9089AF1-8040-4C2D-861A-1FDB992D6A34}.Release|iPhoneSimulator.ActiveCfg = Release|Any CPU
		{A9089AF1-8040-4C2D-861A-1FDB992D6A34}.Release|iPhoneSimulator.Build.0 = Release|Any CPU
		{A9089AF1-8040-4C2D-861A-1FDB992D6A34}.Release|iPhoneSimulator.Deploy.0 = Release|Any CPU
		{70857B84-838A-445C-A633-0C3048ACD604}.Debug|Any CPU.ActiveCfg = Debug|iPhoneSimulator
		{70857B84-838A-445C-A633-0C3048ACD604}.Debug|Any CPU.Build.0 = Debug|iPhoneSimulator
		{70857B84-838A-445C-A633-0C3048ACD604}.Debug|iPhone.ActiveCfg = Debug|iPhone
		{70857B84-838A-445C-A633-0C3048ACD604}.Debug|iPhone.Build.0 = Debug|iPhone
		{70857B84-838A-445C-A633-0C3048ACD604}.Debug|iPhoneSimulator.ActiveCfg = Debug|iPhoneSimulator
		{70857B84-838A-445C-A633-0C3048ACD604}.Debug|iPhoneSimulator.Build.0 = Debug|iPhoneSimulator
		{70857B84-838A-445C-A633-0C3048ACD604}.Release|Any CPU.ActiveCfg = Release|iPhoneSimulator
		{70857B84-838A-445C-A633-0C3048ACD604}.Release|Any CPU.Build.0 = Release|iPhoneSimulator
		{70857B84-838A-445C-A633-0C3048ACD604}.Release|iPhone.ActiveCfg = Release|iPhone
		{70857B84-838A-445C-A633-0C3048ACD604}.Release|iPhone.Build.0 = Release|iPhone
		{70857B84-838A-445C-A633-0C3048ACD604}.Release|iPhoneSimulator.ActiveCfg = Release|iPhoneSimulator
		{70857B84-838A-445C-A633-0C3048ACD604}.Release|iPhoneSimulator.Build.0 = Release|iPhoneSimulator
		{D39FF326-02A0-48CA-AC20-AC8AAA08FD13}.Debug|Any CPU.ActiveCfg = Debug|Any CPU
		{D39FF326-02A0-48CA-AC20-AC8AAA08FD13}.Debug|Any CPU.Build.0 = Debug|Any CPU
		{D39FF326-02A0-48CA-AC20-AC8AAA08FD13}.Debug|iPhone.ActiveCfg = Debug|Any CPU
		{D39FF326-02A0-48CA-AC20-AC8AAA08FD13}.Debug|iPhone.Build.0 = Debug|Any CPU
		{D39FF326-02A0-48CA-AC20-AC8AAA08FD13}.Debug|iPhoneSimulator.ActiveCfg = Debug|Any CPU
		{D39FF326-02A0-48CA-AC20-AC8AAA08FD13}.Debug|iPhoneSimulator.Build.0 = Debug|Any CPU
		{D39FF326-02A0-48CA-AC20-AC8AAA08FD13}.Release|Any CPU.ActiveCfg = Release|Any CPU
		{D39FF326-02A0-48CA-AC20-AC8AAA08FD13}.Release|Any CPU.Build.0 = Release|Any CPU
		{D39FF326-02A0-48CA-AC20-AC8AAA08FD13}.Release|iPhone.ActiveCfg = Release|Any CPU
		{D39FF326-02A0-48CA-AC20-AC8AAA08FD13}.Release|iPhone.Build.0 = Release|Any CPU
		{D39FF326-02A0-48CA-AC20-AC8AAA08FD13}.Release|iPhoneSimulator.ActiveCfg = Release|Any CPU
		{D39FF326-02A0-48CA-AC20-AC8AAA08FD13}.Release|iPhoneSimulator.Build.0 = Release|Any CPU
		{5806D13E-4088-4568-8D15-A78716D44AB5}.Debug|Any CPU.ActiveCfg = Debug|Any CPU
		{5806D13E-4088-4568-8D15-A78716D44AB5}.Debug|Any CPU.Build.0 = Debug|Any CPU
		{5806D13E-4088-4568-8D15-A78716D44AB5}.Debug|Any CPU.Deploy.0 = Debug|Any CPU
		{5806D13E-4088-4568-8D15-A78716D44AB5}.Debug|iPhone.ActiveCfg = Debug|Any CPU
		{5806D13E-4088-4568-8D15-A78716D44AB5}.Debug|iPhone.Build.0 = Debug|Any CPU
		{5806D13E-4088-4568-8D15-A78716D44AB5}.Debug|iPhone.Deploy.0 = Debug|Any CPU
		{5806D13E-4088-4568-8D15-A78716D44AB5}.Debug|iPhoneSimulator.ActiveCfg = Debug|Any CPU
		{5806D13E-4088-4568-8D15-A78716D44AB5}.Debug|iPhoneSimulator.Build.0 = Debug|Any CPU
		{5806D13E-4088-4568-8D15-A78716D44AB5}.Debug|iPhoneSimulator.Deploy.0 = Debug|Any CPU
		{5806D13E-4088-4568-8D15-A78716D44AB5}.Release|Any CPU.ActiveCfg = Release|Any CPU
		{5806D13E-4088-4568-8D15-A78716D44AB5}.Release|Any CPU.Build.0 = Release|Any CPU
		{5806D13E-4088-4568-8D15-A78716D44AB5}.Release|Any CPU.Deploy.0 = Release|Any CPU
		{5806D13E-4088-4568-8D15-A78716D44AB5}.Release|iPhone.ActiveCfg = Release|Any CPU
		{5806D13E-4088-4568-8D15-A78716D44AB5}.Release|iPhone.Build.0 = Release|Any CPU
		{5806D13E-4088-4568-8D15-A78716D44AB5}.Release|iPhone.Deploy.0 = Release|Any CPU
		{5806D13E-4088-4568-8D15-A78716D44AB5}.Release|iPhoneSimulator.ActiveCfg = Release|Any CPU
		{5806D13E-4088-4568-8D15-A78716D44AB5}.Release|iPhoneSimulator.Build.0 = Release|Any CPU
		{5806D13E-4088-4568-8D15-A78716D44AB5}.Release|iPhoneSimulator.Deploy.0 = Release|Any CPU
		{07DE123D-0B71-40EE-8794-A9A68EBC56E0}.Debug|Any CPU.ActiveCfg = Debug|iPhoneSimulator
		{07DE123D-0B71-40EE-8794-A9A68EBC56E0}.Debug|Any CPU.Build.0 = Debug|iPhoneSimulator
		{07DE123D-0B71-40EE-8794-A9A68EBC56E0}.Debug|iPhone.ActiveCfg = Debug|iPhone
		{07DE123D-0B71-40EE-8794-A9A68EBC56E0}.Debug|iPhone.Build.0 = Debug|iPhone
		{07DE123D-0B71-40EE-8794-A9A68EBC56E0}.Debug|iPhoneSimulator.ActiveCfg = Debug|iPhoneSimulator
		{07DE123D-0B71-40EE-8794-A9A68EBC56E0}.Debug|iPhoneSimulator.Build.0 = Debug|iPhoneSimulator
		{07DE123D-0B71-40EE-8794-A9A68EBC56E0}.Release|Any CPU.ActiveCfg = Release|iPhoneSimulator
		{07DE123D-0B71-40EE-8794-A9A68EBC56E0}.Release|Any CPU.Build.0 = Release|iPhoneSimulator
		{07DE123D-0B71-40EE-8794-A9A68EBC56E0}.Release|iPhone.ActiveCfg = Release|iPhone
		{07DE123D-0B71-40EE-8794-A9A68EBC56E0}.Release|iPhone.Build.0 = Release|iPhone
		{07DE123D-0B71-40EE-8794-A9A68EBC56E0}.Release|iPhoneSimulator.ActiveCfg = Release|iPhoneSimulator
		{07DE123D-0B71-40EE-8794-A9A68EBC56E0}.Release|iPhoneSimulator.Build.0 = Release|iPhoneSimulator
		{6A7A5D0C-D166-4467-BDDD-20C820571866}.Debug|Any CPU.ActiveCfg = Debug|Any CPU
		{6A7A5D0C-D166-4467-BDDD-20C820571866}.Debug|Any CPU.Build.0 = Debug|Any CPU
		{6A7A5D0C-D166-4467-BDDD-20C820571866}.Debug|iPhone.ActiveCfg = Debug|Any CPU
		{6A7A5D0C-D166-4467-BDDD-20C820571866}.Debug|iPhone.Build.0 = Debug|Any CPU
		{6A7A5D0C-D166-4467-BDDD-20C820571866}.Debug|iPhoneSimulator.ActiveCfg = Debug|Any CPU
		{6A7A5D0C-D166-4467-BDDD-20C820571866}.Debug|iPhoneSimulator.Build.0 = Debug|Any CPU
		{6A7A5D0C-D166-4467-BDDD-20C820571866}.Release|Any CPU.ActiveCfg = Release|Any CPU
		{6A7A5D0C-D166-4467-BDDD-20C820571866}.Release|Any CPU.Build.0 = Release|Any CPU
		{6A7A5D0C-D166-4467-BDDD-20C820571866}.Release|iPhone.ActiveCfg = Release|Any CPU
		{6A7A5D0C-D166-4467-BDDD-20C820571866}.Release|iPhone.Build.0 = Release|Any CPU
		{6A7A5D0C-D166-4467-BDDD-20C820571866}.Release|iPhoneSimulator.ActiveCfg = Release|Any CPU
		{6A7A5D0C-D166-4467-BDDD-20C820571866}.Release|iPhoneSimulator.Build.0 = Release|Any CPU
	EndGlobalSection
	GlobalSection(SolutionProperties) = preSolution
		HideSolutionNode = FALSE
	EndGlobalSection
	GlobalSection(NestedProjects) = preSolution
		{27D92294-2B71-45D7-BD18-3D738D59A583} = {40DEC354-7FEF-490A-ACBA-BF9460D9C33A}
		{9A9728E6-979E-4EB7-9AEF-787DD63709CD} = {40DEC354-7FEF-490A-ACBA-BF9460D9C33A}
		{CC9FCF0F-95E2-4FD5-9F13-9B621747BE26} = {40DEC354-7FEF-490A-ACBA-BF9460D9C33A}
		{D7257889-E2F9-4369-BE11-A85A58F47986} = {40DEC354-7FEF-490A-ACBA-BF9460D9C33A}
		{017F0E28-C24B-4375-8AE3-EA54F386EDA9} = {40DEC354-7FEF-490A-ACBA-BF9460D9C33A}
		{14CF34E2-3C9E-4791-8B42-9FDACEC8C6A2} = {40DEC354-7FEF-490A-ACBA-BF9460D9C33A}
		{135C900B-2E90-446C-A071-C0501BCC32EE} = {40DEC354-7FEF-490A-ACBA-BF9460D9C33A}
		{A72B4EBC-8C68-43B3-A0AE-ECE35894AC6A} = {40DEC354-7FEF-490A-ACBA-BF9460D9C33A}
		{3D27A825-7D6C-4895-98DC-6038EE000C2C} = {40DEC354-7FEF-490A-ACBA-BF9460D9C33A}
		{B2028CEA-11DC-4449-963E-E7B47D203502} = {6DBC0CAA-343D-4DB3-BD74-1D3C7E1FDEBB}
		{C6199F48-0EF9-45CF-AF68-E85625865583} = {6DBC0CAA-343D-4DB3-BD74-1D3C7E1FDEBB}
		{0831C7C4-BC7B-489F-8E3A-F4B996F60CE8} = {6DBC0CAA-343D-4DB3-BD74-1D3C7E1FDEBB}
		{2AC2B64E-2060-4473-BEE4-404FFDDDF87B} = {6DBC0CAA-343D-4DB3-BD74-1D3C7E1FDEBB}
		{25F7B507-CEA5-42B9-BCD9-599C98638D47} = {6DBC0CAA-343D-4DB3-BD74-1D3C7E1FDEBB}
		{4C7FA7F3-9369-4465-97AD-67ED9AA10FC5} = {D614D66D-462A-4818-A860-2A9D422627EF}
		{D614D66D-462A-4818-A860-2A9D422627EF} = {C7C3CC88-44D0-4B73-AE68-F2ACAFA0AB17}
		{34E1D40A-77B9-4FD8-8989-15F01F870BA0} = {C7C3CC88-44D0-4B73-AE68-F2ACAFA0AB17}
		{B0A80D2D-8052-49F4-9CBA-9217982D3100} = {34E1D40A-77B9-4FD8-8989-15F01F870BA0}
		{2185E9A0-5E23-4A2B-8549-3893E16760C2} = {C7C3CC88-44D0-4B73-AE68-F2ACAFA0AB17}
		{2C52A17A-9D60-46A1-A287-520C60896C2C} = {2185E9A0-5E23-4A2B-8549-3893E16760C2}
		{92F2A4DB-1F53-4183-9882-19654691FEDD} = {2185E9A0-5E23-4A2B-8549-3893E16760C2}
		{95EC4485-136B-41E6-9712-104BD01FCAE8} = {C7C3CC88-44D0-4B73-AE68-F2ACAFA0AB17}
		{4FEF1FEA-3593-47EF-A499-A703F820B255} = {95EC4485-136B-41E6-9712-104BD01FCAE8}
		{E84B93A6-83D5-460C-8F04-F06275D53A07} = {95EC4485-136B-41E6-9712-104BD01FCAE8}
		{24E08A35-CE25-4847-9ED7-5A8DCA636AB3} = {C7C3CC88-44D0-4B73-AE68-F2ACAFA0AB17}
		{0FBE4626-A7F1-44BF-938E-F3AD87CAA679} = {24E08A35-CE25-4847-9ED7-5A8DCA636AB3}
		{5CB0599E-DFF0-41F4-A175-4366EE4F937C} = {C7C3CC88-44D0-4B73-AE68-F2ACAFA0AB17}
		{3B7DB744-F8EF-4468-8649-60A5904AB290} = {5CB0599E-DFF0-41F4-A175-4366EE4F937C}
		{33BB3B0E-3DBE-4CAA-8012-788DCEE002EC} = {5CB0599E-DFF0-41F4-A175-4366EE4F937C}
		{32B38CB3-1E87-4203-A97F-CBE0D90F8D5F} = {5CB0599E-DFF0-41F4-A175-4366EE4F937C}
		{F0535D76-F7CF-4843-9373-B96C271FDB2F} = {95EC4485-136B-41E6-9712-104BD01FCAE8}
		{A6B7FF8A-BE56-4435-AE80-1D9D9B0E3B16} = {95EC4485-136B-41E6-9712-104BD01FCAE8}
		{425F9580-FDE9-4BF3-B5BB-E060A93D6D23} = {95EC4485-136B-41E6-9712-104BD01FCAE8}
		{C11A7E06-B6EA-4FBE-A6C0-BA837A4F42D4} = {425F9580-FDE9-4BF3-B5BB-E060A93D6D23}
		{29FFB849-DB62-4ECB-8F58-912237D79C0A} = {C05F40F8-82C4-4267-9993-E86385A794B0}
		{A18BDA86-D5AC-44B7-90E7-F2F3347F0126} = {29FFB849-DB62-4ECB-8F58-912237D79C0A}
		{0B53949A-4592-4765-8CD2-13EBBB30B37F} = {29FFB849-DB62-4ECB-8F58-912237D79C0A}
		{6041D910-07AE-42E6-AA1E-A3C351AD66B5} = {29FFB849-DB62-4ECB-8F58-912237D79C0A}
		{F2D6AE96-D0DD-4D74-A242-3F027AF06380} = {C05F40F8-82C4-4267-9993-E86385A794B0}
		{A9089AF1-8040-4C2D-861A-1FDB992D6A34} = {F2D6AE96-D0DD-4D74-A242-3F027AF06380}
		{70857B84-838A-445C-A633-0C3048ACD604} = {F2D6AE96-D0DD-4D74-A242-3F027AF06380}
		{D39FF326-02A0-48CA-AC20-AC8AAA08FD13} = {F2D6AE96-D0DD-4D74-A242-3F027AF06380}
		{56E0B47D-639E-4115-86EE-3C107CB2AF73} = {C05F40F8-82C4-4267-9993-E86385A794B0}
		{664CA521-1245-4106-ACF5-3B5A63441192} = {56E0B47D-639E-4115-86EE-3C107CB2AF73}
		{5806D13E-4088-4568-8D15-A78716D44AB5} = {664CA521-1245-4106-ACF5-3B5A63441192}
		{07DE123D-0B71-40EE-8794-A9A68EBC56E0} = {664CA521-1245-4106-ACF5-3B5A63441192}
		{6A7A5D0C-D166-4467-BDDD-20C820571866} = {664CA521-1245-4106-ACF5-3B5A63441192}
	EndGlobalSection
	GlobalSection(ExtensibilityGlobals) = postSolution
		SolutionGuid = {84F08BD6-5A7E-457E-BB97-0994CB37C669}
	EndGlobalSection
EndGlobal
